
Microsoft Visual Studio Solution File, Format Version 12.00
# Visual Studio Version 17
VisualStudioVersion = 17.11.35327.3
MinimumVisualStudioVersion = 10.0.40219.1
Project("{FAE04EC0-301F-11D3-BF4B-00C04F79EFBC}") = "TobbElem", "Teszt\TobbElem.csproj", "{20CF798E-D689-482F-BDCA-06871DE87C54}"
EndProject
Project("{FAE04EC0-301F-11D3-BF4B-00C04F79EFBC}") = "Mátrix", "Mátrix\Mátrix.csproj", "{6B064AE6-0B91-4CC0-B7AC-86D50C08DA35}"
EndProject
Project("{FAE04EC0-301F-11D3-BF4B-00C04F79EFBC}") = "TöbbElemV2", "TöbbElemV2\TöbbElemV2.csproj", "{E1BCEA9A-C9A8-4B34-A317-4B7CD4985E51}"
EndProject
Project("{FAE04EC0-301F-11D3-BF4B-00C04F79EFBC}") = "WonForms", "WonForms\WonForms.csproj", "{8823D5D0-A000-41D1-AFCA-1384941DD241}"
EndProject
Project("{FAE04EC0-301F-11D3-BF4B-00C04F79EFBC}") = "Kör hasáb", "Kör hasáb\Kör hasáb.csproj", "{10345960-2F50-4B18-A9AD-89400FC69D42}"
EndProject
Project("{FAE04EC0-301F-11D3-BF4B-00C04F79EFBC}") = "Téglalap", "Téglala\Téglalap.csproj", "{F1142B0F-AFF0-47F0-8678-0C80FF70F0D2}"
EndProject
Project("{FAE04EC0-301F-11D3-BF4B-00C04F79EFBC}") = "Háromszögek típusa", "Háromszögek típusa\Háromszögek típusa.csproj", "{92A2DB91-DEB4-4561-9B0E-88029655768B}"
EndProject
Project("{FAE04EC0-301F-11D3-BF4B-00C04F79EFBC}") = "Kivetel", "Kivetel\Kivetel.csproj", "{29BE69B5-12E2-4D07-98ED-FCF258021090}"
EndProject
Project("{FAE04EC0-301F-11D3-BF4B-00C04F79EFBC}") = "HIbakeresés", "HIbakeresés\HIbakeresés.csproj", "{AC7267D7-BDB4-4CDD-A9F3-F7E57F6BE427}"
EndProject
Project("{FAE04EC0-301F-11D3-BF4B-00C04F79EFBC}") = "Kockak", "Kockak\Kockak.csproj", "{12E467E7-3926-431C-B8A0-290E06CA91BA}"
EndProject
Project("{FAE04EC0-301F-11D3-BF4B-00C04F79EFBC}") = "AutoList", "AutoList\AutoList.csproj", "{389F5A35-2509-45ED-A3BE-D263FB1A5D00}"
EndProject
Project("{FAE04EC0-301F-11D3-BF4B-00C04F79EFBC}") = "BaratList", "BaratList\BaratList.csproj", "{82F4DB3F-A477-45A7-A32D-D2F02FB4C1E0}"
EndProject
Project("{FAE04EC0-301F-11D3-BF4B-00C04F79EFBC}") = "Poliformoop", "Poliformoop\Poliformoop.csproj", "{4C363982-31DB-446C-9DFB-53CBC103C08E}"
EndProject
Project("{FAE04EC0-301F-11D3-BF4B-00C04F79EFBC}") = "GetterSetter", "GetterSetter\GetterSetter.csproj", "{F84E1389-C82D-43EB-96AC-82B2D8A7ED99}"
EndProject
Project("{FAE04EC0-301F-11D3-BF4B-00C04F79EFBC}") = "properties", "properties\properties.csproj", "{3FB14597-67C7-46B9-87FE-1F9F002CBE22}"
EndProject
Project("{FAE04EC0-301F-11D3-BF4B-00C04F79EFBC}") = "Orokles", "Orokles\Orokles.csproj", "{4697E62B-BFF7-41A0-B8A4-8926CD2595DF}"
EndProject
Project("{FAE04EC0-301F-11D3-BF4B-00C04F79EFBC}") = "ConsoleMessageBox", "ConsoleMessageBox\ConsoleMessageBox.csproj", "{242E8E86-03BA-4A93-A296-1B7B6C6B7648}"
EndProject
Project("{FAE04EC0-301F-11D3-BF4B-00C04F79EFBC}") = "Abstract", "Abstract\Abstract.csproj", "{C1E13F92-1999-4C62-ABD7-90A8A9EB9F2D}"
EndProject
Project("{9A19103F-16F7-4668-BE54-9A1E7A4F7556}") = "ElsuUI", "UIApp\ElsuUI.csproj", "{95F99DFF-8882-4204-BC59-DEE33C00CF41}"
EndProject
Project("{9A19103F-16F7-4668-BE54-9A1E7A4F7556}") = "TextAlignSharp", "TextAlignSharp\TextAlignSharp.csproj", "{701E62A6-D2D9-4291-B63E-D22CD56DECE7}"
EndProject
Project("{778DAE3C-4631-46EA-AA77-85C1314464D9}") = "TextAlignBasic", "TextAlignBasic\TextAlignBasic.vbproj", "{3F53A3FA-226F-4C75-BFAB-C8BF2F1F7085}"
EndProject
Project("{9A19103F-16F7-4668-BE54-9A1E7A4F7556}") = "FormCursors", "FormCursors\FormCursors.csproj", "{0E06902D-E6C2-427C-9474-070EFD55C1BA}"
EndProject
Project("{9A19103F-16F7-4668-BE54-9A1E7A4F7556}") = "FormMozga", "FormMozga\FormMozga.csproj", "{0E70F2DD-78D3-4C4A-9E06-2AEFCB7AEC6C}"
EndProject
Project("{9A19103F-16F7-4668-BE54-9A1E7A4F7556}") = "WPFMozog", "WPFMozog\WPFMozog.csproj", "{50AF2FEE-E374-4260-802A-E802B7F0B433}"
EndProject
Project("{9A19103F-16F7-4668-BE54-9A1E7A4F7556}") = "Kepekkorbe", "Kepekkorbe\Kepekkorbe.csproj", "{BD21F49F-1C48-440A-911A-1FEE6DBA11D4}"
EndProject
Project("{9A19103F-16F7-4668-BE54-9A1E7A4F7556}") = "kepkor", "kepkor\kepkor.csproj", "{6D25DBF9-2FCE-456A-AA0A-E660939E8835}"
EndProject
Project("{9A19103F-16F7-4668-BE54-9A1E7A4F7556}") = "Halmazok", "Halmazok\Halmazok.csproj", "{D7728B49-93A8-4948-BE50-B9FB0FA29A37}"
EndProject
Project("{9A19103F-16F7-4668-BE54-9A1E7A4F7556}") = "SQL", "SQL\SQL.csproj", "{FEFFEC1A-046A-4187-9F85-30911B93053B}"
EndProject
Project("{FAE04EC0-301F-11D3-BF4B-00C04F79EFBC}") = "SQLViewer", "SQLViewer\SQLViewer.csproj", "{7ED22763-6E87-4B71-8721-9F2D96474BB2}"
EndProject
Global
	GlobalSection(SolutionConfigurationPlatforms) = preSolution
		Debug|Any CPU = Debug|Any CPU
		Release|Any CPU = Release|Any CPU
	EndGlobalSection
	GlobalSection(ProjectConfigurationPlatforms) = postSolution
		{20CF798E-D689-482F-BDCA-06871DE87C54}.Debug|Any CPU.ActiveCfg = Debug|Any CPU
		{20CF798E-D689-482F-BDCA-06871DE87C54}.Debug|Any CPU.Build.0 = Debug|Any CPU
		{20CF798E-D689-482F-BDCA-06871DE87C54}.Release|Any CPU.ActiveCfg = Release|Any CPU
		{20CF798E-D689-482F-BDCA-06871DE87C54}.Release|Any CPU.Build.0 = Release|Any CPU
		{6B064AE6-0B91-4CC0-B7AC-86D50C08DA35}.Debug|Any CPU.ActiveCfg = Debug|Any CPU
		{6B064AE6-0B91-4CC0-B7AC-86D50C08DA35}.Debug|Any CPU.Build.0 = Debug|Any CPU
		{6B064AE6-0B91-4CC0-B7AC-86D50C08DA35}.Release|Any CPU.ActiveCfg = Release|Any CPU
		{6B064AE6-0B91-4CC0-B7AC-86D50C08DA35}.Release|Any CPU.Build.0 = Release|Any CPU
		{E1BCEA9A-C9A8-4B34-A317-4B7CD4985E51}.Debug|Any CPU.ActiveCfg = Debug|Any CPU
		{E1BCEA9A-C9A8-4B34-A317-4B7CD4985E51}.Debug|Any CPU.Build.0 = Debug|Any CPU
		{E1BCEA9A-C9A8-4B34-A317-4B7CD4985E51}.Release|Any CPU.ActiveCfg = Release|Any CPU
		{E1BCEA9A-C9A8-4B34-A317-4B7CD4985E51}.Release|Any CPU.Build.0 = Release|Any CPU
		{8823D5D0-A000-41D1-AFCA-1384941DD241}.Debug|Any CPU.ActiveCfg = Debug|Any CPU
		{8823D5D0-A000-41D1-AFCA-1384941DD241}.Debug|Any CPU.Build.0 = Debug|Any CPU
		{8823D5D0-A000-41D1-AFCA-1384941DD241}.Release|Any CPU.ActiveCfg = Release|Any CPU
		{8823D5D0-A000-41D1-AFCA-1384941DD241}.Release|Any CPU.Build.0 = Release|Any CPU
		{10345960-2F50-4B18-A9AD-89400FC69D42}.Debug|Any CPU.ActiveCfg = Debug|Any CPU
		{10345960-2F50-4B18-A9AD-89400FC69D42}.Debug|Any CPU.Build.0 = Debug|Any CPU
		{10345960-2F50-4B18-A9AD-89400FC69D42}.Release|Any CPU.ActiveCfg = Release|Any CPU
		{10345960-2F50-4B18-A9AD-89400FC69D42}.Release|Any CPU.Build.0 = Release|Any CPU
		{F1142B0F-AFF0-47F0-8678-0C80FF70F0D2}.Debug|Any CPU.ActiveCfg = Debug|Any CPU
		{F1142B0F-AFF0-47F0-8678-0C80FF70F0D2}.Debug|Any CPU.Build.0 = Debug|Any CPU
		{F1142B0F-AFF0-47F0-8678-0C80FF70F0D2}.Release|Any CPU.ActiveCfg = Release|Any CPU
		{F1142B0F-AFF0-47F0-8678-0C80FF70F0D2}.Release|Any CPU.Build.0 = Release|Any CPU
		{92A2DB91-DEB4-4561-9B0E-88029655768B}.Debug|Any CPU.ActiveCfg = Debug|Any CPU
		{92A2DB91-DEB4-4561-9B0E-88029655768B}.Debug|Any CPU.Build.0 = Debug|Any CPU
		{92A2DB91-DEB4-4561-9B0E-88029655768B}.Release|Any CPU.ActiveCfg = Release|Any CPU
		{92A2DB91-DEB4-4561-9B0E-88029655768B}.Release|Any CPU.Build.0 = Release|Any CPU
		{29BE69B5-12E2-4D07-98ED-FCF258021090}.Debug|Any CPU.ActiveCfg = Debug|Any CPU
		{29BE69B5-12E2-4D07-98ED-FCF258021090}.Debug|Any CPU.Build.0 = Debug|Any CPU
		{29BE69B5-12E2-4D07-98ED-FCF258021090}.Release|Any CPU.ActiveCfg = Release|Any CPU
		{29BE69B5-12E2-4D07-98ED-FCF258021090}.Release|Any CPU.Build.0 = Release|Any CPU
		{AC7267D7-BDB4-4CDD-A9F3-F7E57F6BE427}.Debug|Any CPU.ActiveCfg = Debug|Any CPU
		{AC7267D7-BDB4-4CDD-A9F3-F7E57F6BE427}.Debug|Any CPU.Build.0 = Debug|Any CPU
		{AC7267D7-BDB4-4CDD-A9F3-F7E57F6BE427}.Release|Any CPU.ActiveCfg = Release|Any CPU
		{AC7267D7-BDB4-4CDD-A9F3-F7E57F6BE427}.Release|Any CPU.Build.0 = Release|Any CPU
		{12E467E7-3926-431C-B8A0-290E06CA91BA}.Debug|Any CPU.ActiveCfg = Debug|Any CPU
		{12E467E7-3926-431C-B8A0-290E06CA91BA}.Debug|Any CPU.Build.0 = Debug|Any CPU
		{12E467E7-3926-431C-B8A0-290E06CA91BA}.Release|Any CPU.ActiveCfg = Release|Any CPU
		{12E467E7-3926-431C-B8A0-290E06CA91BA}.Release|Any CPU.Build.0 = Release|Any CPU
		{389F5A35-2509-45ED-A3BE-D263FB1A5D00}.Debug|Any CPU.ActiveCfg = Debug|Any CPU
		{389F5A35-2509-45ED-A3BE-D263FB1A5D00}.Debug|Any CPU.Build.0 = Debug|Any CPU
		{389F5A35-2509-45ED-A3BE-D263FB1A5D00}.Release|Any CPU.ActiveCfg = Release|Any CPU
		{389F5A35-2509-45ED-A3BE-D263FB1A5D00}.Release|Any CPU.Build.0 = Release|Any CPU
		{82F4DB3F-A477-45A7-A32D-D2F02FB4C1E0}.Debug|Any CPU.ActiveCfg = Debug|Any CPU
		{82F4DB3F-A477-45A7-A32D-D2F02FB4C1E0}.Debug|Any CPU.Build.0 = Debug|Any CPU
		{82F4DB3F-A477-45A7-A32D-D2F02FB4C1E0}.Release|Any CPU.ActiveCfg = Release|Any CPU
		{82F4DB3F-A477-45A7-A32D-D2F02FB4C1E0}.Release|Any CPU.Build.0 = Release|Any CPU
		{4C363982-31DB-446C-9DFB-53CBC103C08E}.Debug|Any CPU.ActiveCfg = Debug|Any CPU
		{4C363982-31DB-446C-9DFB-53CBC103C08E}.Debug|Any CPU.Build.0 = Debug|Any CPU
		{4C363982-31DB-446C-9DFB-53CBC103C08E}.Release|Any CPU.ActiveCfg = Release|Any CPU
		{4C363982-31DB-446C-9DFB-53CBC103C08E}.Release|Any CPU.Build.0 = Release|Any CPU
		{F84E1389-C82D-43EB-96AC-82B2D8A7ED99}.Debug|Any CPU.ActiveCfg = Debug|Any CPU
		{F84E1389-C82D-43EB-96AC-82B2D8A7ED99}.Debug|Any CPU.Build.0 = Debug|Any CPU
		{F84E1389-C82D-43EB-96AC-82B2D8A7ED99}.Release|Any CPU.ActiveCfg = Release|Any CPU
		{F84E1389-C82D-43EB-96AC-82B2D8A7ED99}.Release|Any CPU.Build.0 = Release|Any CPU
		{3FB14597-67C7-46B9-87FE-1F9F002CBE22}.Debug|Any CPU.ActiveCfg = Debug|Any CPU
		{3FB14597-67C7-46B9-87FE-1F9F002CBE22}.Debug|Any CPU.Build.0 = Debug|Any CPU
		{3FB14597-67C7-46B9-87FE-1F9F002CBE22}.Release|Any CPU.ActiveCfg = Release|Any CPU
		{3FB14597-67C7-46B9-87FE-1F9F002CBE22}.Release|Any CPU.Build.0 = Release|Any CPU
		{4697E62B-BFF7-41A0-B8A4-8926CD2595DF}.Debug|Any CPU.ActiveCfg = Debug|Any CPU
		{4697E62B-BFF7-41A0-B8A4-8926CD2595DF}.Debug|Any CPU.Build.0 = Debug|Any CPU
		{4697E62B-BFF7-41A0-B8A4-8926CD2595DF}.Release|Any CPU.ActiveCfg = Release|Any CPU
		{4697E62B-BFF7-41A0-B8A4-8926CD2595DF}.Release|Any CPU.Build.0 = Release|Any CPU
		{242E8E86-03BA-4A93-A296-1B7B6C6B7648}.Debug|Any CPU.ActiveCfg = Debug|Any CPU
		{242E8E86-03BA-4A93-A296-1B7B6C6B7648}.Debug|Any CPU.Build.0 = Debug|Any CPU
		{242E8E86-03BA-4A93-A296-1B7B6C6B7648}.Release|Any CPU.ActiveCfg = Release|Any CPU
		{242E8E86-03BA-4A93-A296-1B7B6C6B7648}.Release|Any CPU.Build.0 = Release|Any CPU
		{C1E13F92-1999-4C62-ABD7-90A8A9EB9F2D}.Debug|Any CPU.ActiveCfg = Debug|Any CPU
		{C1E13F92-1999-4C62-ABD7-90A8A9EB9F2D}.Debug|Any CPU.Build.0 = Debug|Any CPU
		{C1E13F92-1999-4C62-ABD7-90A8A9EB9F2D}.Release|Any CPU.ActiveCfg = Release|Any CPU
		{C1E13F92-1999-4C62-ABD7-90A8A9EB9F2D}.Release|Any CPU.Build.0 = Release|Any CPU
		{95F99DFF-8882-4204-BC59-DEE33C00CF41}.Debug|Any CPU.ActiveCfg = Debug|Any CPU
		{95F99DFF-8882-4204-BC59-DEE33C00CF41}.Debug|Any CPU.Build.0 = Debug|Any CPU
		{95F99DFF-8882-4204-BC59-DEE33C00CF41}.Release|Any CPU.ActiveCfg = Release|Any CPU
		{95F99DFF-8882-4204-BC59-DEE33C00CF41}.Release|Any CPU.Build.0 = Release|Any CPU
		{701E62A6-D2D9-4291-B63E-D22CD56DECE7}.Debug|Any CPU.ActiveCfg = Debug|Any CPU
		{701E62A6-D2D9-4291-B63E-D22CD56DECE7}.Debug|Any CPU.Build.0 = Debug|Any CPU
		{701E62A6-D2D9-4291-B63E-D22CD56DECE7}.Release|Any CPU.ActiveCfg = Release|Any CPU
		{701E62A6-D2D9-4291-B63E-D22CD56DECE7}.Release|Any CPU.Build.0 = Release|Any CPU
		{3F53A3FA-226F-4C75-BFAB-C8BF2F1F7085}.Debug|Any CPU.ActiveCfg = Debug|Any CPU
		{3F53A3FA-226F-4C75-BFAB-C8BF2F1F7085}.Debug|Any CPU.Build.0 = Debug|Any CPU
		{3F53A3FA-226F-4C75-BFAB-C8BF2F1F7085}.Release|Any CPU.ActiveCfg = Release|Any CPU
		{3F53A3FA-226F-4C75-BFAB-C8BF2F1F7085}.Release|Any CPU.Build.0 = Release|Any CPU
		{0E06902D-E6C2-427C-9474-070EFD55C1BA}.Debug|Any CPU.ActiveCfg = Debug|Any CPU
		{0E06902D-E6C2-427C-9474-070EFD55C1BA}.Debug|Any CPU.Build.0 = Debug|Any CPU
		{0E06902D-E6C2-427C-9474-070EFD55C1BA}.Release|Any CPU.ActiveCfg = Release|Any CPU
		{0E06902D-E6C2-427C-9474-070EFD55C1BA}.Release|Any CPU.Build.0 = Release|Any CPU
		{0E70F2DD-78D3-4C4A-9E06-2AEFCB7AEC6C}.Debug|Any CPU.ActiveCfg = Debug|Any CPU
		{0E70F2DD-78D3-4C4A-9E06-2AEFCB7AEC6C}.Debug|Any CPU.Build.0 = Debug|Any CPU
		{0E70F2DD-78D3-4C4A-9E06-2AEFCB7AEC6C}.Release|Any CPU.ActiveCfg = Release|Any CPU
		{0E70F2DD-78D3-4C4A-9E06-2AEFCB7AEC6C}.Release|Any CPU.Build.0 = Release|Any CPU
		{50AF2FEE-E374-4260-802A-E802B7F0B433}.Debug|Any CPU.ActiveCfg = Debug|Any CPU
		{50AF2FEE-E374-4260-802A-E802B7F0B433}.Debug|Any CPU.Build.0 = Debug|Any CPU
		{50AF2FEE-E374-4260-802A-E802B7F0B433}.Release|Any CPU.ActiveCfg = Release|Any CPU
		{50AF2FEE-E374-4260-802A-E802B7F0B433}.Release|Any CPU.Build.0 = Release|Any CPU
		{BD21F49F-1C48-440A-911A-1FEE6DBA11D4}.Debug|Any CPU.ActiveCfg = Debug|Any CPU
		{BD21F49F-1C48-440A-911A-1FEE6DBA11D4}.Debug|Any CPU.Build.0 = Debug|Any CPU
		{BD21F49F-1C48-440A-911A-1FEE6DBA11D4}.Release|Any CPU.ActiveCfg = Release|Any CPU
		{BD21F49F-1C48-440A-911A-1FEE6DBA11D4}.Release|Any CPU.Build.0 = Release|Any CPU
		{6D25DBF9-2FCE-456A-AA0A-E660939E8835}.Debug|Any CPU.ActiveCfg = Debug|Any CPU
		{6D25DBF9-2FCE-456A-AA0A-E660939E8835}.Debug|Any CPU.Build.0 = Debug|Any CPU
		{6D25DBF9-2FCE-456A-AA0A-E660939E8835}.Release|Any CPU.ActiveCfg = Release|Any CPU
		{6D25DBF9-2FCE-456A-AA0A-E660939E8835}.Release|Any CPU.Build.0 = Release|Any CPU
		{D7728B49-93A8-4948-BE50-B9FB0FA29A37}.Debug|Any CPU.ActiveCfg = Debug|Any CPU
		{D7728B49-93A8-4948-BE50-B9FB0FA29A37}.Debug|Any CPU.Build.0 = Debug|Any CPU
		{D7728B49-93A8-4948-BE50-B9FB0FA29A37}.Release|Any CPU.ActiveCfg = Release|Any CPU
		{D7728B49-93A8-4948-BE50-B9FB0FA29A37}.Release|Any CPU.Build.0 = Release|Any CPU
		{FEFFEC1A-046A-4187-9F85-30911B93053B}.Debug|Any CPU.ActiveCfg = Debug|Any CPU
		{FEFFEC1A-046A-4187-9F85-30911B93053B}.Debug|Any CPU.Build.0 = Debug|Any CPU
		{FEFFEC1A-046A-4187-9F85-30911B93053B}.Release|Any CPU.ActiveCfg = Release|Any CPU
		{FEFFEC1A-046A-4187-9F85-30911B93053B}.Release|Any CPU.Build.0 = Release|Any CPU
		{7ED22763-6E87-4B71-8721-9F2D96474BB2}.Debug|Any CPU.ActiveCfg = Debug|Any CPU
		{7ED22763-6E87-4B71-8721-9F2D96474BB2}.Debug|Any CPU.Build.0 = Debug|Any CPU
		{7ED22763-6E87-4B71-8721-9F2D96474BB2}.Release|Any CPU.ActiveCfg = Release|Any CPU
		{7ED22763-6E87-4B71-8721-9F2D96474BB2}.Release|Any CPU.Build.0 = Release|Any CPU
	EndGlobalSection
	GlobalSection(SolutionProperties) = preSolution
		HideSolutionNode = FALSE
	EndGlobalSection
	GlobalSection(ExtensibilityGlobals) = postSolution
		SolutionGuid = {6FC1766D-4E1B-4A4E-9786-D761A9C318C9}
	EndGlobalSection
EndGlobal
